github.com/iancoleman/strcase v0.3.0 h1:nTXanmYxhfFAMjZL34Ov6gkzEsSJZ5DbhxWjvSASxEI=
github.com/iancoleman/strcase v0.3.0/go.mod h1:iwCmte+B7n89clKwxIoIXy/HfoL7AsD47ZCWhYzw7ho=
github.com/ysmood/gop v0.0.2 h1:VuWweTmXK+zedLqYufJdh3PlxDNBOfFHjIZlPT2T5nw=
github.com/ysmood/gop v0.0.2/go.mod h1:rr5z2z27oGEbyB787hpEcx4ab8cCiPnKxn0SUHt6xzk=
github.com/ysmood/got v0.34.2 h1:oN4DDWwpN5BdNPqYtOIW8a13CsAdzTOECTND7pQQ148=
github.com/ysmood/got v0.34.2/go.mod h1:yddyjq/PmAf08RMLSwDjPyCvHvYed+WjHnQxpH851LM=
